
Microsoft Visual Studio Solution File, Format Version 12.00
# Visual Studio Version 17
VisualStudioVersion = 17.13.35605.110
MinimumVisualStudioVersion = 10.0.40219.1
Project("{FAE04EC0-301F-11D3-BF4B-00C04F79EFBC}") = "mpv-wpf", "mpv-wpf\mpv-wpf.csproj", "{01329429-658D-4095-B2A5-E886955968E4}"
EndProject
Project("{FAE04EC0-301F-11D3-BF4B-00C04F79EFBC}") = "Core", "Core\Core.csproj", "{F602E201-6E97-4FBF-8D39-2FDCE1BB9165}"
EndProject
Project("{FAE04EC0-301F-11D3-BF4B-00C04F79EFBC}") = "Controls", "Controls\Controls.csproj", "{123861FB-B656-4BCE-BB44-A7CEB64B00F6}"
EndProject
Project("{FAE04EC0-301F-11D3-BF4B-00C04F79EFBC}") = "MpvLib", "MpvLib\MpvLib.csproj", "{499F4F3D-8ADF-E023-2A29-C75E6719BAC9}"
EndProject
Project("{2150E333-8FDC-42A3-9474-1A3956D46DE8}") = "Build", "Build", "{02EA681E-C7D8-13C7-8484-4AC65E1B71E8}"
	ProjectSection(SolutionItems) = preProject
		Directory.Build.props = Directory.Build.props
	EndProjectSection
EndProject
Global
	GlobalSection(SolutionConfigurationPlatforms) = preSolution
		Debug|Any CPU = Debug|Any CPU
		Debug|x64 = Debug|x64
		Release|Any CPU = Release|Any CPU
		Release|x64 = Release|x64
	EndGlobalSection
	GlobalSection(ProjectConfigurationPlatforms) = postSolution
		{01329429-658D-4095-B2A5-E886955968E4}.Debug|Any CPU.ActiveCfg = Debug|Any CPU
		{01329429-658D-4095-B2A5-E886955968E4}.Debug|Any CPU.Build.0 = Debug|Any CPU
		{01329429-658D-4095-B2A5-E886955968E4}.Debug|x64.ActiveCfg = Debug|x64
		{01329429-658D-4095-B2A5-E886955968E4}.Debug|x64.Build.0 = Debug|x64
		{01329429-658D-4095-B2A5-E886955968E4}.Release|Any CPU.ActiveCfg = Release|Any CPU
		{01329429-658D-4095-B2A5-E886955968E4}.Release|Any CPU.Build.0 = Release|Any CPU
		{01329429-658D-4095-B2A5-E886955968E4}.Release|x64.ActiveCfg = Release|x64
		{01329429-658D-4095-B2A5-E886955968E4}.Release|x64.Build.0 = Release|x64
		{F602E201-6E97-4FBF-8D39-2FDCE1BB9165}.Debug|Any CPU.ActiveCfg = Debug|Any CPU
		{F602E201-6E97-4FBF-8D39-2FDCE1BB9165}.Debug|Any CPU.Build.0 = Debug|Any CPU
		{F602E201-6E97-4FBF-8D39-2FDCE1BB9165}.Debug|x64.ActiveCfg = Debug|x64
		{F602E201-6E97-4FBF-8D39-2FDCE1BB9165}.Debug|x64.Build.0 = Debug|x64
		{F602E201-6E97-4FBF-8D39-2FDCE1BB9165}.Release|Any CPU.ActiveCfg = Release|Any CPU
		{F602E201-6E97-4FBF-8D39-2FDCE1BB9165}.Release|Any CPU.Build.0 = Release|Any CPU
		{F602E201-6E97-4FBF-8D39-2FDCE1BB9165}.Release|x64.ActiveCfg = Release|x64
		{F602E201-6E97-4FBF-8D39-2FDCE1BB9165}.Release|x64.Build.0 = Release|x64
		{123861FB-B656-4BCE-BB44-A7CEB64B00F6}.Debug|Any CPU.ActiveCfg = Debug|Any CPU
		{123861FB-B656-4BCE-BB44-A7CEB64B00F6}.Debug|Any CPU.Build.0 = Debug|Any CPU
		{123861FB-B656-4BCE-BB44-A7CEB64B00F6}.Debug|x64.ActiveCfg = Debug|x64
		{123861FB-B656-4BCE-BB44-A7CEB64B00F6}.Debug|x64.Build.0 = Debug|x64
		{123861FB-B656-4BCE-BB44-A7CEB64B00F6}.Release|Any CPU.ActiveCfg = Release|Any CPU
		{123861FB-B656-4BCE-BB44-A7CEB64B00F6}.Release|Any CPU.Build.0 = Release|Any CPU
		{123861FB-B656-4BCE-BB44-A7CEB64B00F6}.Release|x64.ActiveCfg = Release|x64
		{123861FB-B656-4BCE-BB44-A7CEB64B00F6}.Release|x64.Build.0 = Release|x64
		{499F4F3D-8ADF-E023-2A29-C75E6719BAC9}.Debug|Any CPU.ActiveCfg = Debug|Any CPU
		{499F4F3D-8ADF-E023-2A29-C75E6719BAC9}.Debug|Any CPU.Build.0 = Debug|Any CPU
		{499F4F3D-8ADF-E023-2A29-C75E6719BAC9}.Debug|x64.ActiveCfg = Debug|x64
		{499F4F3D-8ADF-E023-2A29-C75E6719BAC9}.Debug|x64.Build.0 = Debug|x64
		{499F4F3D-8ADF-E023-2A29-C75E6719BAC9}.Release|Any CPU.ActiveCfg = Release|Any CPU
		{499F4F3D-8ADF-E023-2A29-C75E6719BAC9}.Release|Any CPU.Build.0 = Release|Any CPU
		{499F4F3D-8ADF-E023-2A29-C75E6719BAC9}.Release|x64.ActiveCfg = Release|x64
		{499F4F3D-8ADF-E023-2A29-C75E6719BAC9}.Release|x64.Build.0 = Release|x64
	EndGlobalSection
	GlobalSection(SolutionProperties) = preSolution
		HideSolutionNode = FALSE
	EndGlobalSection
	GlobalSection(ExtensibilityGlobals) = postSolution
		SolutionGuid = {D7AA887F-09F4-4DD1-947F-D30AD822EEA7}
	EndGlobalSection
EndGlobal
